// !$*UTF8*$!
{
	archiveVersion = 1;
	classes = {
	};
	objectVersion = 50;
	objects = {

/* Begin PBXBuildFile section */
		32DF31D222CBED9700A6BE32 /* AppDelegate.swift in Sources */ = {isa = PBXBuildFile; fileRef = 32DF31D122CBED9700A6BE32 /* AppDelegate.swift */; };
		32DF31D422CBED9700A6BE32 /* ViewController.swift in Sources */ = {isa = PBXBuildFile; fileRef = 32DF31D322CBED9700A6BE32 /* ViewController.swift */; };
		32DF31D722CBED9800A6BE32 /* Main.storyboard in Resources */ = {isa = PBXBuildFile; fileRef = 32DF31D522CBED9800A6BE32 /* Main.storyboard */; };
		32DF31DA22CBED9800A6BE32 /* LoaderProgress.xcdatamodeld in Sources */ = {isa = PBXBuildFile; fileRef = 32DF31D822CBED9800A6BE32 /* LoaderProgress.xcdatamodeld */; };
		32DF31DC22CBED9B00A6BE32 /* Assets.xcassets in Resources */ = {isa = PBXBuildFile; fileRef = 32DF31DB22CBED9B00A6BE32 /* Assets.xcassets */; };
		32DF31DF22CBED9B00A6BE32 /* LaunchScreen.storyboard in Resources */ = {isa = PBXBuildFile; fileRef = 32DF31DD22CBED9B00A6BE32 /* LaunchScreen.storyboard */; };
/* End PBXBuildFile section */

/* Begin PBXFileReference section */
		32DF31CE22CBED9700A6BE32 /* LoaderProgress.app */ = {isa = PBXFileReference; explicitFileType = wrapper.application; includeInIndex = 0; path = LoaderProgress.app; sourceTree = BUILT_PRODUCTS_DIR; };
		32DF31D122CBED9700A6BE32 /* AppDelegate.swift */ = {isa = PBXFileReference; lastKnownFileType = sourcecode.swift; path = AppDelegate.swift; sourceTree = "<group>"; };
		32DF31D322CBED9700A6BE32 /* ViewController.swift */ = {isa = PBXFileReference; lastKnownFileType = sourcecode.swift; path = ViewController.swift; sourceTree = "<group>"; };
		32DF31D622CBED9800A6BE32 /* Base */ = {isa = PBXFileReference; lastKnownFileType = file.storyboard; name = Base; path = Base.lproj/Main.storyboard; sourceTree = "<group>"; };
		32DF31D922CBED9800A6BE32 /* LoaderProgress.xcdatamodel */ = {isa = PBXFileReference; lastKnownFileType = wrapper.xcdatamodel; path = LoaderProgress.xcdatamodel; sourceTree = "<group>"; };
		32DF31DB22CBED9B00A6BE32 /* Assets.xcassets */ = {isa = PBXFileReference; lastKnownFileType = folder.assetcatalog; path = Assets.xcassets; sourceTree = "<group>"; };
		32DF31DE22CBED9B00A6BE32 /* Base */ = {isa = PBXFileReference; lastKnownFileType = file.storyboard; name = Base; path = Base.lproj/LaunchScreen.storyboard; sourceTree = "<group>"; };
		32DF31E022CBED9B00A6BE32 /* Info.plist */ = {isa = PBXFileReference; lastKnownFileType = text.plist.xml; path = Info.plist; sourceTree = "<group>"; };
/* End PBXFileReference section */

/* Begin PBXFrameworksBuildPhase section */
		32DF31CB22CBED9700A6BE32 /* Frameworks */ = {
			isa = PBXFrameworksBuildPhase;
			buildActionMask = 2147483647;
			files = (
			);
			runOnlyForDeploymentPostprocessing = 0;
		};
/* End PBXFrameworksBuildPhase section */

/* Begin PBXGroup section */
		32DF31C522CBED9700A6BE32 = {
			isa = PBXGroup;
			children = (
				32DF31D022CBED9700A6BE32 /* LoaderProgress */,
				32DF31CF22CBED9700A6BE32 /* Products */,
			);
			sourceTree = "<group>";
		};
		32DF31CF22CBED9700A6BE32 /* Products */ = {
			isa = PBXGroup;
			children = (
				32DF31CE22CBED9700A6BE32 /* LoaderProgress.app */,
			);
			name = Products;
			sourceTree = "<group>";
		};
		32DF31D022CBED9700A6BE32 /* LoaderProgress */ = {
			isa = PBXGroup;
			children = (
				32DF31D122CBED9700A6BE32 /* AppDelegate.swift */,
				32DF31D322CBED9700A6BE32 /* ViewController.swift */,
				32DF31D522CBED9800A6BE32 /* Main.storyboard */,
				32DF31DB22CBED9B00A6BE32 /* Assets.xcassets */,
				32DF31DD22CBED9B00A6BE32 /* LaunchScreen.storyboard */,
				32DF31E022CBED9B00A6BE32 /* Info.plist */,
				32DF31D822CBED9800A6BE32 /* LoaderProgress.xcdatamodeld */,
			);
			path = LoaderProgress;
			sourceTree = "<group>";
		};
/* End PBXGroup section */

/* Begin PBXNativeTarget section */
		32DF31CD22CBED9700A6BE32 /* LoaderProgress */ = {
			isa = PBXNativeTarget;
			buildConfigurationList = 32DF31E322CBED9B00A6BE32 /* Build configuration list for PBXNativeTarget "LoaderProgress" */;
			buildPhases = (
				32DF31CA22CBED9700A6BE32 /* Sources */,
				32DF31CB22CBED9700A6BE32 /* Frameworks */,
				32DF31CC22CBED9700A6BE32 /* Resources */,
			);
			buildRules = (
			);
			dependencies = (
			);
			name = LoaderProgress;
			productName = LoaderProgress;
			productReference = 32DF31CE22CBED9700A6BE32 /* LoaderProgress.app */;
			productType = "com.apple.product-type.application";
		};
/* End PBXNativeTarget section */

/* Begin PBXProject section */
		32DF31C622CBED9700A6BE32 /* Project object */ = {
			isa = PBXProject;
			attributes = {
				LastSwiftUpdateCheck = 1020;
				LastUpgradeCheck = 1020;
				ORGANIZATIONNAME = OmarALqabbani;
				TargetAttributes = {
					32DF31CD22CBED9700A6BE32 = {
						CreatedOnToolsVersion = 10.2.1;
					};
				};
			};
			buildConfigurationList = 32DF31C922CBED9700A6BE32 /* Build configuration list for PBXProject "LoaderProgress" */;
			compatibilityVersion = "Xcode 9.3";
			developmentRegion = en;
			hasScannedForEncodings = 0;
			knownRegions = (
				en,
				Base,
			);
			mainGroup = 32DF31C522CBED9700A6BE32;
			productRefGroup = 32DF31CF22CBED9700A6BE32 /* Products */;
			projectDirPath = "";
			projectRoot = "";
			targets = (
				32DF31CD22CBED9700A6BE32 /* LoaderProgress */,
			);
		};
/* End PBXProject section */

/* Begin PBXResourcesBuildPhase section */
		32DF31CC22CBED9700A6BE32 /* Resources */ = {
			isa = PBXResourcesBuildPhase;
			buildActionMask = 2147483647;
			files = (
				32DF31DF22CBED9B00A6BE32 /* LaunchScreen.storyboard in Resources */,
				32DF31DC22CBED9B00A6BE32 /* Assets.xcassets in Resources */,
				32DF31D722CBED9800A6BE32 /* Main.storyboard in Resources */,
			);
			runOnlyForDeploymentPostprocessing = 0;
		};
/* End PBXResourcesBuildPhase section */

/* Begin PBXSourcesBuildPhase section */
		32DF31CA22CBED9700A6BE32 /* Sources */ = {
			isa = PBXSourcesBuildPhase;
			buildActionMask = 2147483647;
			files = (
				32DF31D422CBED9700A6BE32 /* ViewController.swift in Sources */,
				32DF31DA22CBED9800A6BE32 /* LoaderProgress.xcdatamodeld in Sources */,
				32DF31D222CBED9700A6BE32 /* AppDelegate.swift in Sources */,
			);
			runOnlyForDeploymentPostprocessing = 0;
		};
/* End PBXSourcesBuildPhase section */

/* Begin PBXVariantGroup section */
		32DF31D522CBED9800A6BE32 /* Main.storyboard */ = {
			isa = PBXVariantGroup;
			children = (
				32DF31D622CBED9800A6BE32 /* Base */,
			);
			name = Main.storyboard;
			sourceTree = "<group>";
		};
		32DF31DD22CBED9B00A6BE32 /* LaunchScreen.storyboard */ = {
			isa = PBXVariantGroup;
			children = (
				32DF31DE22CBED9B00A6BE32 /* Base */,
			);
			name = LaunchScreen.storyboard;
			sourceTree = "<group>";
		};
/* End PBXVariantGroup section */

/* Begin XCBuildConfiguration section */
		32DF31E122CBED9B00A6BE32 /* Debug */ = {
			isa = XCBuildConfiguration;
			buildSettings = {
				ALWAYS_SEARCH_USER_PATHS = NO;
				CLANG_ANALYZER_NONNULL = YES;
				CLANG_ANALYZER_NUMBER_OBJECT_CONVERSION = YES_AGGRESSIVE;
				CLANG_CXX_LANGUAGE_STANDARD = "gnu++14";
				CLANG_CXX_LIBRARY = "libc++";
				CLANG_ENABLE_MODULES = YES;
				CLANG_ENABLE_OBJC_ARC = YES;
				CLANG_ENABLE_OBJC_WEAK = YES;
				CLANG_WARN_BLOCK_CAPTURE_AUTORELEASING = YES;
				CLANG_WARN_BOOL_CONVERSION = YES;
				CLANG_WARN_COMMA = YES;
				CLANG_WARN_CONSTANT_CONVERSION = YES;
				CLANG_WARN_DEPRECATED_OBJC_IMPLEMENTATIONS = YES;
				CLANG_WARN_DIRECT_OBJC_ISA_USAGE = YES_ERROR;
				CLANG_WARN_DOCUMENTATION_COMMENTS = YES;
				CLANG_WARN_EMPTY_BODY = YES;
				CLANG_WARN_ENUM_CONVERSION = YES;
				CLANG_WARN_INFINITE_RECURSION = YES;
				CLANG_WARN_INT_CONVERSION = YES;
				CLANG_WARN_NON_LITERAL_NULL_CONVERSION = YES;
				CLANG_WARN_OBJC_IMPLICIT_RETAIN_SELF = YES;
				CLANG_WARN_OBJC_LITERAL_CONVERSION = YES;
				CLANG_WARN_OBJC_ROOT_CLASS = YES_ERROR;
				CLANG_WARN_RANGE_LOOP_ANALYSIS = YES;
				CLANG_WARN_STRICT_PROTOTYPES = YES;
				CLANG_WARN_SUSPICIOUS_MOVE = YES;
				CLANG_WARN_UNGUARDED_AVAILABILITY = YES_AGGRESSIVE;
				CLANG_WARN_UNREACHABLE_CODE = YES;
				CLANG_WARN__DUPLICATE_METHOD_MATCH = YES;
				CODE_SIGN_IDENTITY = "iPhone Developer";
				COPY_PHASE_STRIP = NO;
				DEBUG_INFORMATION_FORMAT = dwarf;
				ENABLE_STRICT_OBJC_MSGSEND = YES;
				ENABLE_TESTABILITY = YES;
				GCC_C_LANGUAGE_STANDARD = gnu11;
				GCC_DYNAMIC_NO_PIC = NO;
				GCC_NO_COMMON_BLOCKS = YES;
				GCC_OPTIMIZATION_LEVEL = 0;
				GCC_PREPROCESSOR_DEFINITIONS = (
					"DEBUG=1",
					"$(inherited)",
				);
				GCC_WARN_64_TO_32_BIT_CONVERSION = YES;
				GCC_WARN_ABOUT_RETURN_TYPE = YES_ERROR;
				GCC_WARN_UNDECLARED_SELECTOR = YES;
				GCC_WARN_UNINITIALIZED_AUTOS = YES_AGGRESSIVE;
				GCC_WARN_UNUSED_FUNCTION = YES;
				GCC_WARN_UNUSED_VARIABLE = YES;
				IPHONEOS_DEPLOYMENT_TARGET = 12.2;
				MTL_ENABLE_DEBUG_INFO = INCLUDE_SOURCE;
				MTL_FAST_MATH = YES;
				ONLY_ACTIVE_ARCH = YES;
				SDKROOT = iphoneos;
				SWIFT_ACTIVE_COMPILATION_CONDITIONS = DEBUG;
				SWIFT_OPTIMIZATION_LEVEL = "-Onone";
			};
			name = Debug;
		};
		32DF31E222CBED9B00A6BE32 /* Release */ = {
			isa = XCBuildConfiguration;
			buildSettings = {
				ALWAYS_SEARCH_USER_PATHS = NO;
				CLANG_ANALYZER_NONNULL = YES;
				CLANG_ANALYZER_NUMBER_OBJECT_CONVERSION = YES_AGGRESSIVE;
				CLANG_CXX_LANGUAGE_STANDARD = "gnu++14";
				CLANG_CXX_LIBRARY = "libc++";
				CLANG_ENABLE_MODULES = YES;
				CLANG_ENABLE_OBJC_ARC = YES;
				CLANG_ENABLE_OBJC_WEAK = YES;
				CLANG_WARN_BLOCK_CAPTURE_AUTORELEASING = YES;
				CLANG_WARN_BOOL_CONVERSION = YES;
				CLANG_WARN_COMMA = YES;
				CLANG_WARN_CONSTANT_CONVERSION = YES;
				CLANG_WARN_DEPRECATED_OBJC_IMPLEMENTATIONS = YES;
				CLANG_WARN_DIRECT_OBJC_ISA_USAGE = YES_ERROR;
				CLANG_WARN_DOCUMENTATION_COMMENTS = YES;
				CLANG_WARN_EMPTY_BODY = YES;
				CLANG_WARN_ENUM_CONVERSION = YES;
				CLANG_WARN_INFINITE_RECURSION = YES;
				CLANG_WARN_INT_CONVERSION = YES;
				CLANG_WARN_NON_LITERAL_NULL_CONVERSION = YES;
				CLANG_WARN_OBJC_IMPLICIT_RETAIN_SELF = YES;
				CLANG_WARN_OBJC_LITERAL_CONVERSION = YES;
				CLANG_WARN_OBJC_ROOT_CLASS = YES_ERROR;
				CLANG_WARN_RANGE_LOOP_ANALYSIS = YES;
				CLANG_WARN_STRICT_PROTOTYPES = YES;
				CLANG_WARN_SUSPICIOUS_MOVE = YES;
				CLANG_WARN_UNGUARDED_AVAILABILITY = YES_AGGRESSIVE;
				CLANG_WARN_UNREACHABLE_CODE = YES;
				CLANG_WARN__DUPLICATE_METHOD_MATCH = YES;
				CODE_SIGN_IDENTITY = "iPhone Developer";
				COPY_PHASE_STRIP = NO;
				DEBUG_INFORMATION_FORMAT = "dwarf-with-dsym";
				ENABLE_NS_ASSERTIONS = NO;
				ENABLE_STRICT_OBJC_MSGSEND = YES;
				GCC_C_LANGUAGE_STANDARD = gnu11;
				GCC_NO_COMMON_BLOCKS = YES;
				GCC_WARN_64_TO_32_BIT_CONVERSION = YES;
				GCC_WARN_ABOUT_RETURN_TYPE = YES_ERROR;
				GCC_WARN_UNDECLARED_SELECTOR = YES;
				GCC_WARN_UNINITIALIZED_AUTOS = YES_AGGRESSIVE;
				GCC_WARN_UNUSED_FUNCTION = YES;
				GCC_WARN_UNUSED_VARIABLE = YES;
				IPHONEOS_DEPLOYMENT_TARGET = 12.2;
				MTL_ENABLE_DEBUG_INFO = NO;
				MTL_FAST_MATH = YES;
				SDKROOT = iphoneos;
				SWIFT_COMPILATION_MODE = wholemodule;
				SWIFT_OPTIMIZATION_LEVEL = "-O";
				VALIDATE_PRODUCT = YES;
			};
			name = Release;
		};
		32DF31E422CBED9B00A6BE32 /* Debug */ = {
			isa = XCBuildConfiguration;
			buildSettings = {
				ASSETCATALOG_COMPILER_APPICON_NAME = AppIcon;
				CODE_SIGN_STYLE = Automatic;
				DEVELOPMENT_TEAM = Z4RBP4LZPR;
				INFOPLIST_FILE = LoaderProgress/Info.plist;
				LD_RUNPATH_SEARCH_PATHS = (
					"$(inherited)",
					"@executable_path/Frameworks",
				);
				PRODUCT_BUNDLE_IDENTIFIER = AlqabbaniOmar.LoaderProgress;
				PRODUCT_NAME = "$(TARGET_NAME)";
				SWIFT_VERSION = 5.0;
				TARGETED_DEVICE_FAMILY = "1,2";
			};
			name = Debug;
		};
		32DF31E522CBED9B00A6BE32 /* Release */ = {
			isa = XCBuildConfiguration;
			buildSettings = {
				ASSETCATALOG_COMPILER_APPICON_NAME = AppIcon;
				CODE_SIGN_STYLE = Automatic;
				DEVELOPMENT_TEAM = Z4RBP4LZPR;
				INFOPLIST_FILE = LoaderProgress/Info.plist;
				LD_RUNPATH_SEARCH_PATHS = (
					"$(inherited)",
					"@executable_path/Frameworks",
				);
				PRODUCT_BUNDLE_IDENTIFIER = AlqabbaniOmar.LoaderProgress;
				PRODUCT_NAME = "$(TARGET_NAME)";
				SWIFT_VERSION = 5.0;
				TARGETED_DEVICE_FAMILY = "1,2";
			};
			name = Release;
		};
/* End XCBuildConfiguration section */

/* Begin XCConfigurationList section */
		32DF31C922CBED9700A6BE32 /* Build configuration list for PBXProject "LoaderProgress" */ = {
			isa = XCConfigurationList;
			buildConfigurations = (
				32DF31E122CBED9B00A6BE32 /* Debug */,
				32DF31E222CBED9B00A6BE32 /* Release */,
			);
			defaultConfigurationIsVisible = 0;
			defaultConfigurationName = Release;
		};
		32DF31E322CBED9B00A6BE32 /* Build configuration list for PBXNativeTarget "LoaderProgress" */ = {
			isa = XCConfigurationList;
			buildConfigurations = (
				32DF31E422CBED9B00A6BE32 /* Debug */,
				32DF31E522CBED9B00A6BE32 /* Release */,
			);
			defaultConfigurationIsVisible = 0;
			defaultConfigurationName = Release;
		};
/* End XCConfigurationList section */

/* Begin XCVersionGroup section */
		32DF31D822CBED9800A6BE32 /* LoaderProgress.xcdatamodeld */ = {
			isa = XCVersionGroup;
			children = (
				32DF31D922CBED9800A6BE32 /* LoaderProgress.xcdatamodel */,
			);
			currentVersion = 32DF31D922CBED9800A6BE32 /* LoaderProgress.xcdatamodel */;
			path = LoaderProgress.xcdatamodeld;
			sourceTree = "<group>";
			versionGroupType = wrapper.xcdatamodel;
		};
/* End XCVersionGroup section */
	};
	rootObject = 32DF31C622CBED9700A6BE32 /* Project object */;
}
